
Microsoft Visual Studio Solution File, Format Version 12.00
# Visual Studio Version 16
VisualStudioVersion = 16.0.31205.134
MinimumVisualStudioVersion = 10.0.40219.1
Project("{9A19103F-16F7-4668-BE54-9A1E7A4F7556}") = "EC.CORE", "EC.CORE\EC.CORE.csproj", "{CAEDA309-7589-4D4C-97D6-E70F21B80B25}"
EndProject
Project("{9A19103F-16F7-4668-BE54-9A1E7A4F7556}") = "EC.APPLICATION", "EC.APPLICATION\EC.APPLICATION.csproj", "{95F4C9DE-4EDE-4568-AA9A-CC0F0DF11F38}"
EndProject
Project("{9A19103F-16F7-4668-BE54-9A1E7A4F7556}") = "EC.INFRASTRUCTURE", "EC.INFRASTRUCTURE\EC.INFRASTRUCTURE.csproj", "{91C8E034-78B0-477F-BED7-C70437E85A3B}"
EndProject
Project("{2150E333-8FDC-42A3-9474-1A3956D46DE8}") = "src", "src", "{A2B0990B-36EE-425D-9411-23CC0E0BB0AB}"
EndProject
Project("{9A19103F-16F7-4668-BE54-9A1E7A4F7556}") = "EC.MVC", "EC.MVC\EC.MVC.csproj", "{A8581ACB-1BFA-4532-B68D-B1F15C1BC47F}"
EndProject
Project("{9A19103F-16F7-4668-BE54-9A1E7A4F7556}") = "EC.ViewModel", "EC.ViewModel\EC.ViewModel.csproj", "{B90D2BF5-576C-48D1-87B1-5A2358D0FE84}"
EndProject
Project("{9A19103F-16F7-4668-BE54-9A1E7A4F7556}") = "EC.API", "EC.API\EC.API.csproj", "{D0B59088-34AB-49FD-961B-DD8FD9B934E4}"
EndProject
Project("{9A19103F-16F7-4668-BE54-9A1E7A4F7556}") = "WebAppMVC", "WebAppMVC\WebAppMVC.csproj", "{EB3C8AB6-566C-4C9A-A319-2A7BB58DC6CD}"
EndProject
Project("{FAE04EC0-301F-11D3-BF4B-00C04F79EFBC}") = "EC.ServiceClient", "EC.ServiceClient\EC.ServiceClient.csproj", "{76FF8CD6-9327-4587-B8B2-83E5995984D2}"
EndProject
Global
	GlobalSection(SolutionConfigurationPlatforms) = preSolution
		Debug|Any CPU = Debug|Any CPU
		Release|Any CPU = Release|Any CPU
	EndGlobalSection
	GlobalSection(ProjectConfigurationPlatforms) = postSolution
		{CAEDA309-7589-4D4C-97D6-E70F21B80B25}.Debug|Any CPU.ActiveCfg = Debug|Any CPU
		{CAEDA309-7589-4D4C-97D6-E70F21B80B25}.Debug|Any CPU.Build.0 = Debug|Any CPU
		{CAEDA309-7589-4D4C-97D6-E70F21B80B25}.Release|Any CPU.ActiveCfg = Release|Any CPU
		{CAEDA309-7589-4D4C-97D6-E70F21B80B25}.Release|Any CPU.Build.0 = Release|Any CPU
		{95F4C9DE-4EDE-4568-AA9A-CC0F0DF11F38}.Debug|Any CPU.ActiveCfg = Debug|Any CPU
		{95F4C9DE-4EDE-4568-AA9A-CC0F0DF11F38}.Debug|Any CPU.Build.0 = Debug|Any CPU
		{95F4C9DE-4EDE-4568-AA9A-CC0F0DF11F38}.Release|Any CPU.ActiveCfg = Release|Any CPU
		{95F4C9DE-4EDE-4568-AA9A-CC0F0DF11F38}.Release|Any CPU.Build.0 = Release|Any CPU
		{91C8E034-78B0-477F-BED7-C70437E85A3B}.Debug|Any CPU.ActiveCfg = Debug|Any CPU
		{91C8E034-78B0-477F-BED7-C70437E85A3B}.Debug|Any CPU.Build.0 = Debug|Any CPU
		{91C8E034-78B0-477F-BED7-C70437E85A3B}.Release|Any CPU.ActiveCfg = Release|Any CPU
		{91C8E034-78B0-477F-BED7-C70437E85A3B}.Release|Any CPU.Build.0 = Release|Any CPU
		{A8581ACB-1BFA-4532-B68D-B1F15C1BC47F}.Debug|Any CPU.ActiveCfg = Debug|Any CPU
		{A8581ACB-1BFA-4532-B68D-B1F15C1BC47F}.Debug|Any CPU.Build.0 = Debug|Any CPU
		{A8581ACB-1BFA-4532-B68D-B1F15C1BC47F}.Release|Any CPU.ActiveCfg = Release|Any CPU
		{A8581ACB-1BFA-4532-B68D-B1F15C1BC47F}.Release|Any CPU.Build.0 = Release|Any CPU
		{B90D2BF5-576C-48D1-87B1-5A2358D0FE84}.Debug|Any CPU.ActiveCfg = Debug|Any CPU
		{B90D2BF5-576C-48D1-87B1-5A2358D0FE84}.Debug|Any CPU.Build.0 = Debug|Any CPU
		{B90D2BF5-576C-48D1-87B1-5A2358D0FE84}.Release|Any CPU.ActiveCfg = Release|Any CPU
		{B90D2BF5-576C-48D1-87B1-5A2358D0FE84}.Release|Any CPU.Build.0 = Release|Any CPU
		{D0B59088-34AB-49FD-961B-DD8FD9B934E4}.Debug|Any CPU.ActiveCfg = Debug|Any CPU
		{D0B59088-34AB-49FD-961B-DD8FD9B934E4}.Debug|Any CPU.Build.0 = Debug|Any CPU
		{D0B59088-34AB-49FD-961B-DD8FD9B934E4}.Release|Any CPU.ActiveCfg = Release|Any CPU
		{D0B59088-34AB-49FD-961B-DD8FD9B934E4}.Release|Any CPU.Build.0 = Release|Any CPU
		{EB3C8AB6-566C-4C9A-A319-2A7BB58DC6CD}.Debug|Any CPU.ActiveCfg = Debug|Any CPU
		{EB3C8AB6-566C-4C9A-A319-2A7BB58DC6CD}.Debug|Any CPU.Build.0 = Debug|Any CPU
		{EB3C8AB6-566C-4C9A-A319-2A7BB58DC6CD}.Release|Any CPU.ActiveCfg = Release|Any CPU
		{EB3C8AB6-566C-4C9A-A319-2A7BB58DC6CD}.Release|Any CPU.Build.0 = Release|Any CPU
		{76FF8CD6-9327-4587-B8B2-83E5995984D2}.Debug|Any CPU.ActiveCfg = Debug|Any CPU
		{76FF8CD6-9327-4587-B8B2-83E5995984D2}.Debug|Any CPU.Build.0 = Debug|Any CPU
		{76FF8CD6-9327-4587-B8B2-83E5995984D2}.Release|Any CPU.ActiveCfg = Release|Any CPU
		{76FF8CD6-9327-4587-B8B2-83E5995984D2}.Release|Any CPU.Build.0 = Release|Any CPU
	EndGlobalSection
	GlobalSection(SolutionProperties) = preSolution
		HideSolutionNode = FALSE
	EndGlobalSection
	GlobalSection(NestedProjects) = preSolution
		{CAEDA309-7589-4D4C-97D6-E70F21B80B25} = {A2B0990B-36EE-425D-9411-23CC0E0BB0AB}
		{95F4C9DE-4EDE-4568-AA9A-CC0F0DF11F38} = {A2B0990B-36EE-425D-9411-23CC0E0BB0AB}
		{91C8E034-78B0-477F-BED7-C70437E85A3B} = {A2B0990B-36EE-425D-9411-23CC0E0BB0AB}
		{A8581ACB-1BFA-4532-B68D-B1F15C1BC47F} = {A2B0990B-36EE-425D-9411-23CC0E0BB0AB}
		{B90D2BF5-576C-48D1-87B1-5A2358D0FE84} = {A2B0990B-36EE-425D-9411-23CC0E0BB0AB}
		{D0B59088-34AB-49FD-961B-DD8FD9B934E4} = {A2B0990B-36EE-425D-9411-23CC0E0BB0AB}
		{EB3C8AB6-566C-4C9A-A319-2A7BB58DC6CD} = {A2B0990B-36EE-425D-9411-23CC0E0BB0AB}
		{76FF8CD6-9327-4587-B8B2-83E5995984D2} = {A2B0990B-36EE-425D-9411-23CC0E0BB0AB}
	EndGlobalSection
	GlobalSection(ExtensibilityGlobals) = postSolution
		SolutionGuid = {C70452F4-51C0-42BF-83D9-E555C89F6713}
	EndGlobalSection
EndGlobal
